
Microsoft Visual Studio Solution File, Format Version 12.00
# Visual Studio Version 17
VisualStudioVersion = 17.7.34031.279
MinimumVisualStudioVersion = 10.0.40219.1
Project("{2150E333-8FDC-42A3-9474-1A3956D46DE8}") = "CoreModules", "CoreModules", "{E479B5F5-3608-4BAA-850E-97CCC9A394A7}"
EndProject
Project("{2150E333-8FDC-42A3-9474-1A3956D46DE8}") = "SharedModules", "SharedModules", "{8EEEE0C2-20FE-4725-B11D-931501C0E6F9}"
EndProject
Project("{2150E333-8FDC-42A3-9474-1A3956D46DE8}") = "CapacityVehicleRoutingProblemModule", "CapacityVehicleRoutingProblemModule", "{65365AC5-3168-43D5-8349-73C8959BAA92}"
EndProject
Project("{9A19103F-16F7-4668-BE54-9A1E7A4F7556}") = "CVRP.Domain", "CVRP.Domain\CVRP.Domain.csproj", "{695A5434-B8A1-45CA-92D7-81B43667B217}"
EndProject
Project("{9A19103F-16F7-4668-BE54-9A1E7A4F7556}") = "CVRP.Application", "CVRP.Application\CVRP.Application.csproj", "{A3AA39DC-EBB1-4150-B057-496EB77E6CE7}"
EndProject
Project("{9A19103F-16F7-4668-BE54-9A1E7A4F7556}") = "CVRP.Infrastructure", "CVRP.Infrastructure\CVRP.Infrastructure.csproj", "{91044031-D342-435E-8991-6BF7E7E8CD91}"
EndProject
Project("{9A19103F-16F7-4668-BE54-9A1E7A4F7556}") = "CVRP.Presentation", "CVRP.Presentation\CVRP.Presentation.csproj", "{BDFDA064-425E-41D5-B1F7-F07B0BC2CDC3}"
EndProject
Project("{9A19103F-16F7-4668-BE54-9A1E7A4F7556}") = "WebService", "WebService\WebService.csproj", "{F18B2DD7-9537-4584-868B-B8BB8D540252}"
EndProject
Project("{9A19103F-16F7-4668-BE54-9A1E7A4F7556}") = "Base.Shared", "Base.Shared\Base.Shared.csproj", "{7C5982E1-BCC1-4E7F-9D61-53521C6ADD12}"
EndProject
Project("{9A19103F-16F7-4668-BE54-9A1E7A4F7556}") = "Base.Domain", "Base.Domain\Base.Domain.csproj", "{9CB22764-40A2-432A-8771-F21DDEAE352C}"
EndProject
Project("{9A19103F-16F7-4668-BE54-9A1E7A4F7556}") = "Base.Application", "Base.Application\Base.Application.csproj", "{5B2EB959-92A9-46D9-81CE-6F9942C02A39}"
EndProject
Project("{9A19103F-16F7-4668-BE54-9A1E7A4F7556}") = "Base.Presentation", "Base.Presentation\Base.Presentation.csproj", "{00F5C8C5-C361-4006-A678-113E50AAD90D}"
EndProject
Project("{FAE04EC0-301F-11D3-BF4B-00C04F79EFBC}") = "VrpConsole", "VrpConsole\VrpConsole.csproj", "{37816593-552C-4A72-BA5A-DE828679C15B}"
EndProject
Global
	GlobalSection(SolutionConfigurationPlatforms) = preSolution
		Debug|Any CPU = Debug|Any CPU
		Release|Any CPU = Release|Any CPU
	EndGlobalSection
	GlobalSection(ProjectConfigurationPlatforms) = postSolution
		{695A5434-B8A1-45CA-92D7-81B43667B217}.Debug|Any CPU.ActiveCfg = Debug|Any CPU
		{695A5434-B8A1-45CA-92D7-81B43667B217}.Debug|Any CPU.Build.0 = Debug|Any CPU
		{695A5434-B8A1-45CA-92D7-81B43667B217}.Release|Any CPU.ActiveCfg = Release|Any CPU
		{695A5434-B8A1-45CA-92D7-81B43667B217}.Release|Any CPU.Build.0 = Release|Any CPU
		{A3AA39DC-EBB1-4150-B057-496EB77E6CE7}.Debug|Any CPU.ActiveCfg = Debug|Any CPU
		{A3AA39DC-EBB1-4150-B057-496EB77E6CE7}.Debug|Any CPU.Build.0 = Debug|Any CPU
		{A3AA39DC-EBB1-4150-B057-496EB77E6CE7}.Release|Any CPU.ActiveCfg = Release|Any CPU
		{A3AA39DC-EBB1-4150-B057-496EB77E6CE7}.Release|Any CPU.Build.0 = Release|Any CPU
		{91044031-D342-435E-8991-6BF7E7E8CD91}.Debug|Any CPU.ActiveCfg = Debug|Any CPU
		{91044031-D342-435E-8991-6BF7E7E8CD91}.Debug|Any CPU.Build.0 = Debug|Any CPU
		{91044031-D342-435E-8991-6BF7E7E8CD91}.Release|Any CPU.ActiveCfg = Release|Any CPU
		{91044031-D342-435E-8991-6BF7E7E8CD91}.Release|Any CPU.Build.0 = Release|Any CPU
		{BDFDA064-425E-41D5-B1F7-F07B0BC2CDC3}.Debug|Any CPU.ActiveCfg = Debug|Any CPU
		{BDFDA064-425E-41D5-B1F7-F07B0BC2CDC3}.Debug|Any CPU.Build.0 = Debug|Any CPU
		{BDFDA064-425E-41D5-B1F7-F07B0BC2CDC3}.Release|Any CPU.ActiveCfg = Release|Any CPU
		{BDFDA064-425E-41D5-B1F7-F07B0BC2CDC3}.Release|Any CPU.Build.0 = Release|Any CPU
		{F18B2DD7-9537-4584-868B-B8BB8D540252}.Debug|Any CPU.ActiveCfg = Debug|Any CPU
		{F18B2DD7-9537-4584-868B-B8BB8D540252}.Debug|Any CPU.Build.0 = Debug|Any CPU
		{F18B2DD7-9537-4584-868B-B8BB8D540252}.Release|Any CPU.ActiveCfg = Release|Any CPU
		{F18B2DD7-9537-4584-868B-B8BB8D540252}.Release|Any CPU.Build.0 = Release|Any CPU
		{7C5982E1-BCC1-4E7F-9D61-53521C6ADD12}.Debug|Any CPU.ActiveCfg = Debug|Any CPU
		{7C5982E1-BCC1-4E7F-9D61-53521C6ADD12}.Debug|Any CPU.Build.0 = Debug|Any CPU
		{7C5982E1-BCC1-4E7F-9D61-53521C6ADD12}.Release|Any CPU.ActiveCfg = Release|Any CPU
		{7C5982E1-BCC1-4E7F-9D61-53521C6ADD12}.Release|Any CPU.Build.0 = Release|Any CPU
		{9CB22764-40A2-432A-8771-F21DDEAE352C}.Debug|Any CPU.ActiveCfg = Debug|Any CPU
		{9CB22764-40A2-432A-8771-F21DDEAE352C}.Debug|Any CPU.Build.0 = Debug|Any CPU
		{9CB22764-40A2-432A-8771-F21DDEAE352C}.Release|Any CPU.ActiveCfg = Release|Any CPU
		{9CB22764-40A2-432A-8771-F21DDEAE352C}.Release|Any CPU.Build.0 = Release|Any CPU
		{5B2EB959-92A9-46D9-81CE-6F9942C02A39}.Debug|Any CPU.ActiveCfg = Debug|Any CPU
		{5B2EB959-92A9-46D9-81CE-6F9942C02A39}.Debug|Any CPU.Build.0 = Debug|Any CPU
		{5B2EB959-92A9-46D9-81CE-6F9942C02A39}.Release|Any CPU.ActiveCfg = Release|Any CPU
		{5B2EB959-92A9-46D9-81CE-6F9942C02A39}.Release|Any CPU.Build.0 = Release|Any CPU
		{00F5C8C5-C361-4006-A678-113E50AAD90D}.Debug|Any CPU.ActiveCfg = Debug|Any CPU
		{00F5C8C5-C361-4006-A678-113E50AAD90D}.Debug|Any CPU.Build.0 = Debug|Any CPU
		{00F5C8C5-C361-4006-A678-113E50AAD90D}.Release|Any CPU.ActiveCfg = Release|Any CPU
		{00F5C8C5-C361-4006-A678-113E50AAD90D}.Release|Any CPU.Build.0 = Release|Any CPU
		{37816593-552C-4A72-BA5A-DE828679C15B}.Debug|Any CPU.ActiveCfg = Debug|Any CPU
		{37816593-552C-4A72-BA5A-DE828679C15B}.Debug|Any CPU.Build.0 = Debug|Any CPU
		{37816593-552C-4A72-BA5A-DE828679C15B}.Release|Any CPU.ActiveCfg = Release|Any CPU
		{37816593-552C-4A72-BA5A-DE828679C15B}.Release|Any CPU.Build.0 = Release|Any CPU
	EndGlobalSection
	GlobalSection(SolutionProperties) = preSolution
		HideSolutionNode = FALSE
	EndGlobalSection
	GlobalSection(NestedProjects) = preSolution
		{65365AC5-3168-43D5-8349-73C8959BAA92} = {E479B5F5-3608-4BAA-850E-97CCC9A394A7}
		{695A5434-B8A1-45CA-92D7-81B43667B217} = {65365AC5-3168-43D5-8349-73C8959BAA92}
		{A3AA39DC-EBB1-4150-B057-496EB77E6CE7} = {65365AC5-3168-43D5-8349-73C8959BAA92}
		{91044031-D342-435E-8991-6BF7E7E8CD91} = {65365AC5-3168-43D5-8349-73C8959BAA92}
		{BDFDA064-425E-41D5-B1F7-F07B0BC2CDC3} = {65365AC5-3168-43D5-8349-73C8959BAA92}
		{7C5982E1-BCC1-4E7F-9D61-53521C6ADD12} = {8EEEE0C2-20FE-4725-B11D-931501C0E6F9}
		{9CB22764-40A2-432A-8771-F21DDEAE352C} = {8EEEE0C2-20FE-4725-B11D-931501C0E6F9}
		{5B2EB959-92A9-46D9-81CE-6F9942C02A39} = {8EEEE0C2-20FE-4725-B11D-931501C0E6F9}
		{00F5C8C5-C361-4006-A678-113E50AAD90D} = {8EEEE0C2-20FE-4725-B11D-931501C0E6F9}
	EndGlobalSection
	GlobalSection(ExtensibilityGlobals) = postSolution
		SolutionGuid = {EAFC4961-9CF7-4850-9A22-59EBDC410CA3}
	EndGlobalSection
EndGlobal
